
Microsoft Visual Studio Solution File, Format Version 12.00
# Visual Studio Version 16
VisualStudioVersion = 16.0.30114.105
MinimumVisualStudioVersion = 10.0.40219.1
Project("{FAE04EC0-301F-11D3-BF4B-00C04F79EFBC}") = "WPFUI", "WPFUI\WPFUI.csproj", "{8AFC0792-6DC5-455C-A37C-F1B617441037}"
EndProject
Global
	GlobalSection(SolutionConfigurationPlatforms) = preSolution
		Debug|Any CPU = Debug|Any CPU
		Release|Any CPU = Release|Any CPU
	EndGlobalSection
	GlobalSection(ProjectConfigurationPlatforms) = postSolution
		{8AFC0792-6DC5-455C-A37C-F1B617441037}.Debug|Any CPU.ActiveCfg = Debug|Any CPU
		{8AFC0792-6DC5-455C-A37C-F1B617441037}.Debug|Any CPU.Build.0 = Debug|Any CPU
		{8AFC0792-6DC5-455C-A37C-F1B617441037}.Release|Any CPU.ActiveCfg = Release|Any CPU
		{8AFC0792-6DC5-455C-A37C-F1B617441037}.Release|Any CPU.Build.0 = Release|Any CPU
	EndGlobalSection
	GlobalSection(SolutionProperties) = preSolution
		HideSolutionNode = FALSE
	EndGlobalSection
	GlobalSection(ExtensibilityGlobals) = postSolution
		SolutionGuid = {9A83699F-CA6F-4C05-89A5-6009AE5998FA}
	EndGlobalSection
EndGlobal
